
Microsoft Visual Studio Solution File, Format Version 12.00
# Visual Studio 15
VisualStudioVersion = 15.0.26730.16
MinimumVisualStudioVersion = 10.0.40219.1
Project("{2150E333-8FDC-42A3-9474-1A3956D46DE8}") = "AzureFunctions", "AzureFunctions", "{429A614D-8D13-4EE0-8DE8-484C2A5CE328}"
EndProject
Project("{2150E333-8FDC-42A3-9474-1A3956D46DE8}") = "LambdaFunctions", "LambdaFunctions", "{DB8E8C63-09A7-47BE-80BD-28FD115CD68B}"
EndProject
Project("{2150E333-8FDC-42A3-9474-1A3956D46DE8}") = "LambdaApplications", "LambdaApplications", "{A4D81588-43B9-4970-8CF9-588CC36A0B9B}"
EndProject
Project("{2150E333-8FDC-42A3-9474-1A3956D46DE8}") = "SendWelcomeEmail", "SendWelcomeEmail", "{CE0C23E1-3435-440F-ACAC-02C48DC7AF78}"
EndProject
Project("{2150E333-8FDC-42A3-9474-1A3956D46DE8}") = "SendOrderStatusSms", "SendOrderStatusSms", "{FF10B82C-C37F-4AD0-907E-7D9CBEB61CFE}"
EndProject
Project("{9A19103F-16F7-4668-BE54-9A1E7A4F7556}") = "SendWelcomeEmail", "LambdaFunctions\SendWelcomeEmail\SendWelcomeEmail.csproj", "{903704C1-EDF6-4894-86FB-16BABE9A7B4B}"
EndProject
Project("{9A19103F-16F7-4668-BE54-9A1E7A4F7556}") = "SendWelcomeEmail.Tests", "LambdaFunctions\SendWelcomeEmail.Tests\SendWelcomeEmail.Tests.csproj", "{77E9A314-6DB5-4B85-BC02-B08A4907BE6D}"
EndProject
Project("{2150E333-8FDC-42A3-9474-1A3956D46DE8}") = "Deployment", "Deployment", "{77DC5D75-E718-440B-9832-39D828D777F3}"
	ProjectSection(SolutionItems) = preProject
		DeployAll.ps1 = DeployAll.ps1
	EndProjectSection
EndProject
Project("{2150E333-8FDC-42A3-9474-1A3956D46DE8}") = "WebApp", "WebApp", "{76507186-6D89-4E77-8D20-E79C749C54D1}"
EndProject
Project("{2150E333-8FDC-42A3-9474-1A3956D46DE8}") = "ServiceBus", "ServiceBus", "{93E7963D-6E5D-42F9-8A1C-0E092CC3A471}"
EndProject
Project("{FAE04EC0-301F-11D3-BF4B-00C04F79EFBC}") = "WebAppCoreFramework", "WebApp\WebAppCoreFramework\WebAppCoreFramework.csproj", "{2C155F9E-9BA1-43FE-8E90-0154745AC269}"
EndProject
Project("{FAE04EC0-301F-11D3-BF4B-00C04F79EFBC}") = "SqsClient", "ServiceBus\SqsClient\SqsClient.csproj", "{FCD334F0-08D8-4B23-AFCF-FB90A8156EC4}"
EndProject
Global
	GlobalSection(SolutionConfigurationPlatforms) = preSolution
		Debug|Any CPU = Debug|Any CPU
		Release|Any CPU = Release|Any CPU
	EndGlobalSection
	GlobalSection(ProjectConfigurationPlatforms) = postSolution
		{903704C1-EDF6-4894-86FB-16BABE9A7B4B}.Debug|Any CPU.ActiveCfg = Debug|Any CPU
		{903704C1-EDF6-4894-86FB-16BABE9A7B4B}.Debug|Any CPU.Build.0 = Debug|Any CPU
		{903704C1-EDF6-4894-86FB-16BABE9A7B4B}.Release|Any CPU.ActiveCfg = Release|Any CPU
		{903704C1-EDF6-4894-86FB-16BABE9A7B4B}.Release|Any CPU.Build.0 = Release|Any CPU
		{77E9A314-6DB5-4B85-BC02-B08A4907BE6D}.Debug|Any CPU.ActiveCfg = Debug|Any CPU
		{77E9A314-6DB5-4B85-BC02-B08A4907BE6D}.Debug|Any CPU.Build.0 = Debug|Any CPU
		{77E9A314-6DB5-4B85-BC02-B08A4907BE6D}.Release|Any CPU.ActiveCfg = Release|Any CPU
		{77E9A314-6DB5-4B85-BC02-B08A4907BE6D}.Release|Any CPU.Build.0 = Release|Any CPU
		{2C155F9E-9BA1-43FE-8E90-0154745AC269}.Debug|Any CPU.ActiveCfg = Debug|Any CPU
		{2C155F9E-9BA1-43FE-8E90-0154745AC269}.Debug|Any CPU.Build.0 = Debug|Any CPU
		{2C155F9E-9BA1-43FE-8E90-0154745AC269}.Release|Any CPU.ActiveCfg = Release|Any CPU
		{2C155F9E-9BA1-43FE-8E90-0154745AC269}.Release|Any CPU.Build.0 = Release|Any CPU
		{FCD334F0-08D8-4B23-AFCF-FB90A8156EC4}.Debug|Any CPU.ActiveCfg = Debug|Any CPU
		{FCD334F0-08D8-4B23-AFCF-FB90A8156EC4}.Debug|Any CPU.Build.0 = Debug|Any CPU
		{FCD334F0-08D8-4B23-AFCF-FB90A8156EC4}.Release|Any CPU.ActiveCfg = Release|Any CPU
		{FCD334F0-08D8-4B23-AFCF-FB90A8156EC4}.Release|Any CPU.Build.0 = Release|Any CPU
	EndGlobalSection
	GlobalSection(SolutionProperties) = preSolution
		HideSolutionNode = FALSE
	EndGlobalSection
	GlobalSection(NestedProjects) = preSolution
		{CE0C23E1-3435-440F-ACAC-02C48DC7AF78} = {DB8E8C63-09A7-47BE-80BD-28FD115CD68B}
		{FF10B82C-C37F-4AD0-907E-7D9CBEB61CFE} = {DB8E8C63-09A7-47BE-80BD-28FD115CD68B}
		{903704C1-EDF6-4894-86FB-16BABE9A7B4B} = {CE0C23E1-3435-440F-ACAC-02C48DC7AF78}
		{77E9A314-6DB5-4B85-BC02-B08A4907BE6D} = {CE0C23E1-3435-440F-ACAC-02C48DC7AF78}
		{2C155F9E-9BA1-43FE-8E90-0154745AC269} = {76507186-6D89-4E77-8D20-E79C749C54D1}
		{FCD334F0-08D8-4B23-AFCF-FB90A8156EC4} = {93E7963D-6E5D-42F9-8A1C-0E092CC3A471}
	EndGlobalSection
	GlobalSection(ExtensibilityGlobals) = postSolution
		SolutionGuid = {C021671C-B53E-4CA2-9503-716C4A8066A6}
	EndGlobalSection
EndGlobal
